
Microsoft Visual Studio Solution File, Format Version 12.00
# Visual Studio Version 17
VisualStudioVersion = 17.0.32112.339
MinimumVisualStudioVersion = 10.0.40219.1
Project("{FAE04EC0-301F-11D3-BF4B-00C04F79EFBC}") = "ConsoleApp7", "ConsoleApp7\ConsoleApp7.csproj", "{7E9E72CD-3AD4-4337-BF68-5912D86AC632}"
EndProject
Global
	GlobalSection(SolutionConfigurationPlatforms) = preSolution
		Debug|Any CPU = Debug|Any CPU
		Release|Any CPU = Release|Any CPU
	EndGlobalSection
	GlobalSection(ProjectConfigurationPlatforms) = postSolution
		{7E9E72CD-3AD4-4337-BF68-5912D86AC632}.Debug|Any CPU.ActiveCfg = Debug|Any CPU
		{7E9E72CD-3AD4-4337-BF68-5912D86AC632}.Debug|Any CPU.Build.0 = Debug|Any CPU
		{7E9E72CD-3AD4-4337-BF68-5912D86AC632}.Release|Any CPU.ActiveCfg = Release|Any CPU
		{7E9E72CD-3AD4-4337-BF68-5912D86AC632}.Release|Any CPU.Build.0 = Release|Any CPU
	EndGlobalSection
	GlobalSection(SolutionProperties) = preSolution
		HideSolutionNode = FALSE
	EndGlobalSection
	GlobalSection(ExtensibilityGlobals) = postSolution
		SolutionGuid = {B7FB20B3-6785-45E7-A7DB-53CA85AA2BE1}
	EndGlobalSection
EndGlobal
