
Microsoft Visual Studio Solution File, Format Version 12.00
# Visual Studio Version 17
VisualStudioVersion = 17.0.32112.339
MinimumVisualStudioVersion = 10.0.40219.1
Project("{FAE04EC0-301F-11D3-BF4B-00C04F79EFBC}") = "ConsoleApp4", "ConsoleApp4\ConsoleApp4.csproj", "{DB28CC92-0819-4DB9-82A9-A97022CE19EE}"
EndProject
Global
	GlobalSection(SolutionConfigurationPlatforms) = preSolution
		Debug|Any CPU = Debug|Any CPU
		Release|Any CPU = Release|Any CPU
	EndGlobalSection
	GlobalSection(ProjectConfigurationPlatforms) = postSolution
		{DB28CC92-0819-4DB9-82A9-A97022CE19EE}.Debug|Any CPU.ActiveCfg = Debug|Any CPU
		{DB28CC92-0819-4DB9-82A9-A97022CE19EE}.Debug|Any CPU.Build.0 = Debug|Any CPU
		{DB28CC92-0819-4DB9-82A9-A97022CE19EE}.Release|Any CPU.ActiveCfg = Release|Any CPU
		{DB28CC92-0819-4DB9-82A9-A97022CE19EE}.Release|Any CPU.Build.0 = Release|Any CPU
	EndGlobalSection
	GlobalSection(SolutionProperties) = preSolution
		HideSolutionNode = FALSE
	EndGlobalSection
	GlobalSection(ExtensibilityGlobals) = postSolution
		SolutionGuid = {5FC4D6DC-ECD2-4F69-8E77-238311F679C3}
	EndGlobalSection
EndGlobal
